
Microsoft Visual Studio Solution File, Format Version 12.00
# Visual Studio Version 16
VisualStudioVersion = 16.0.29806.167
MinimumVisualStudioVersion = 10.0.40219.1
Project("{9A19103F-16F7-4668-BE54-9A1E7A4F7556}") = "Diploma.API", "Diploma.API\Diploma.API.csproj", "{19146F02-000D-4074-AA29-A7B0F60D71EC}"
EndProject
Project("{2150E333-8FDC-42A3-9474-1A3956D46DE8}") = "Data", "Data", "{6820C723-B27A-48C5-BA76-CA037E4C4788}"
EndProject
Project("{9A19103F-16F7-4668-BE54-9A1E7A4F7556}") = "Diploma.Data.DAL", "Diploma.Data.DAL\Diploma.Data.DAL.csproj", "{87A71BF9-ED41-49A0-8B47-7AE8FCAD3B84}"
EndProject
Project("{9A19103F-16F7-4668-BE54-9A1E7A4F7556}") = "Diploma.Data.Entities", "Diploma.Data.Entities\Diploma.Data.Entities.csproj", "{BA33FEC8-027C-441B-B707-25EAB4CC0F60}"
EndProject
Project("{FAE04EC0-301F-11D3-BF4B-00C04F79EFBC}") = "Diploma.Common", "Diploma.Common\Diploma.Common.csproj", "{9C5DCC38-8213-43E0-AD26-242A565CC3D2}"
EndProject
Global
	GlobalSection(SolutionConfigurationPlatforms) = preSolution
		Debug|Any CPU = Debug|Any CPU
		Release|Any CPU = Release|Any CPU
	EndGlobalSection
	GlobalSection(ProjectConfigurationPlatforms) = postSolution
		{19146F02-000D-4074-AA29-A7B0F60D71EC}.Debug|Any CPU.ActiveCfg = Debug|Any CPU
		{19146F02-000D-4074-AA29-A7B0F60D71EC}.Debug|Any CPU.Build.0 = Debug|Any CPU
		{19146F02-000D-4074-AA29-A7B0F60D71EC}.Release|Any CPU.ActiveCfg = Release|Any CPU
		{19146F02-000D-4074-AA29-A7B0F60D71EC}.Release|Any CPU.Build.0 = Release|Any CPU
		{87A71BF9-ED41-49A0-8B47-7AE8FCAD3B84}.Debug|Any CPU.ActiveCfg = Debug|Any CPU
		{87A71BF9-ED41-49A0-8B47-7AE8FCAD3B84}.Debug|Any CPU.Build.0 = Debug|Any CPU
		{87A71BF9-ED41-49A0-8B47-7AE8FCAD3B84}.Release|Any CPU.ActiveCfg = Release|Any CPU
		{87A71BF9-ED41-49A0-8B47-7AE8FCAD3B84}.Release|Any CPU.Build.0 = Release|Any CPU
		{BA33FEC8-027C-441B-B707-25EAB4CC0F60}.Debug|Any CPU.ActiveCfg = Debug|Any CPU
		{BA33FEC8-027C-441B-B707-25EAB4CC0F60}.Debug|Any CPU.Build.0 = Debug|Any CPU
		{BA33FEC8-027C-441B-B707-25EAB4CC0F60}.Release|Any CPU.ActiveCfg = Release|Any CPU
		{BA33FEC8-027C-441B-B707-25EAB4CC0F60}.Release|Any CPU.Build.0 = Release|Any CPU
		{9C5DCC38-8213-43E0-AD26-242A565CC3D2}.Debug|Any CPU.ActiveCfg = Debug|Any CPU
		{9C5DCC38-8213-43E0-AD26-242A565CC3D2}.Debug|Any CPU.Build.0 = Debug|Any CPU
		{9C5DCC38-8213-43E0-AD26-242A565CC3D2}.Release|Any CPU.ActiveCfg = Release|Any CPU
		{9C5DCC38-8213-43E0-AD26-242A565CC3D2}.Release|Any CPU.Build.0 = Release|Any CPU
	EndGlobalSection
	GlobalSection(SolutionProperties) = preSolution
		HideSolutionNode = FALSE
	EndGlobalSection
	GlobalSection(NestedProjects) = preSolution
		{87A71BF9-ED41-49A0-8B47-7AE8FCAD3B84} = {6820C723-B27A-48C5-BA76-CA037E4C4788}
		{BA33FEC8-027C-441B-B707-25EAB4CC0F60} = {6820C723-B27A-48C5-BA76-CA037E4C4788}
	EndGlobalSection
	GlobalSection(ExtensibilityGlobals) = postSolution
		SolutionGuid = {B4701338-7B56-4395-9B85-12086F8D9EDF}
	EndGlobalSection
EndGlobal
